
Microsoft Visual Studio Solution File, Format Version 12.00
# Visual Studio Version 17
VisualStudioVersion = 17.3.32929.385
MinimumVisualStudioVersion = 10.0.40219.1
Project("{FAE04EC0-301F-11D3-BF4B-00C04F79EFBC}") = "GistOne", "GistOne\GistOne.csproj", "{4FC477B5-30B5-48C1-BEFD-4CAC987E1D5F}"
EndProject
Global
	GlobalSection(SolutionConfigurationPlatforms) = preSolution
		Debug|Any CPU = Debug|Any CPU
		Release|Any CPU = Release|Any CPU
	EndGlobalSection
	GlobalSection(ProjectConfigurationPlatforms) = postSolution
		{4FC477B5-30B5-48C1-BEFD-4CAC987E1D5F}.Debug|Any CPU.ActiveCfg = Debug|Any CPU
		{4FC477B5-30B5-48C1-BEFD-4CAC987E1D5F}.Debug|Any CPU.Build.0 = Debug|Any CPU
		{4FC477B5-30B5-48C1-BEFD-4CAC987E1D5F}.Release|Any CPU.ActiveCfg = Release|Any CPU
		{4FC477B5-30B5-48C1-BEFD-4CAC987E1D5F}.Release|Any CPU.Build.0 = Release|Any CPU
	EndGlobalSection
	GlobalSection(SolutionProperties) = preSolution
		HideSolutionNode = FALSE
	EndGlobalSection
	GlobalSection(ExtensibilityGlobals) = postSolution
		SolutionGuid = {FD976A5C-7AA5-45E1-90CA-B45E668F154A}
	EndGlobalSection
EndGlobal
